// !$*UTF8*$!
{
	archiveVersion = 1;
	classes = {
	};
	objectVersion = 50;
	objects = {

/* Begin PBXBuildFile section */
		D847B1D82213365900E15F40 /* AboutViewController.swift in Sources */ = {isa = PBXBuildFile; fileRef = D847B1D72213365900E15F40 /* AboutViewController.swift */; };
		D868D61322143540005DA23E /* AboutMeViewController.swift in Sources */ = {isa = PBXBuildFile; fileRef = D868D61222143540005DA23E /* AboutMeViewController.swift */; };
		D8A9785A2211853A00221CD2 /* AppDelegate.swift in Sources */ = {isa = PBXBuildFile; fileRef = D8A978592211853A00221CD2 /* AppDelegate.swift */; };
		D8A9785C2211853A00221CD2 /* ViewController.swift in Sources */ = {isa = PBXBuildFile; fileRef = D8A9785B2211853A00221CD2 /* ViewController.swift */; };
		D8A9785F2211853A00221CD2 /* Main.storyboard in Resources */ = {isa = PBXBuildFile; fileRef = D8A9785D2211853A00221CD2 /* Main.storyboard */; };
		D8A978612211853C00221CD2 /* Assets.xcassets in Resources */ = {isa = PBXBuildFile; fileRef = D8A978602211853C00221CD2 /* Assets.xcassets */; };
		D8A978642211853C00221CD2 /* LaunchScreen.storyboard in Resources */ = {isa = PBXBuildFile; fileRef = D8A978622211853C00221CD2 /* LaunchScreen.storyboard */; };
		D8A9786F2211853C00221CD2 /* BullsEyeTests.swift in Sources */ = {isa = PBXBuildFile; fileRef = D8A9786E2211853C00221CD2 /* BullsEyeTests.swift */; };
		D8A9787A2211853C00221CD2 /* BullsEyeUITests.swift in Sources */ = {isa = PBXBuildFile; fileRef = D8A978792211853C00221CD2 /* BullsEyeUITests.swift */; };
/* End PBXBuildFile section */

/* Begin PBXContainerItemProxy section */
		D8A9786B2211853C00221CD2 /* PBXContainerItemProxy */ = {
			isa = PBXContainerItemProxy;
			containerPortal = D8A9784E2211853A00221CD2 /* Project object */;
			proxyType = 1;
			remoteGlobalIDString = D8A978552211853A00221CD2;
			remoteInfo = BullsEye;
		};
		D8A978762211853C00221CD2 /* PBXContainerItemProxy */ = {
			isa = PBXContainerItemProxy;
			containerPortal = D8A9784E2211853A00221CD2 /* Project object */;
			proxyType = 1;
			remoteGlobalIDString = D8A978552211853A00221CD2;
			remoteInfo = BullsEye;
		};
/* End PBXContainerItemProxy section */

/* Begin PBXFileReference section */
		D847B1D72213365900E15F40 /* AboutViewController.swift */ = {isa = PBXFileReference; lastKnownFileType = sourcecode.swift; path = AboutViewController.swift; sourceTree = "<group>"; };
		D868D61222143540005DA23E /* AboutMeViewController.swift */ = {isa = PBXFileReference; lastKnownFileType = sourcecode.swift; path = AboutMeViewController.swift; sourceTree = "<group>"; };
		D8A978562211853A00221CD2 /* BullsEye.app */ = {isa = PBXFileReference; explicitFileType = wrapper.application; includeInIndex = 0; path = BullsEye.app; sourceTree = BUILT_PRODUCTS_DIR; };
		D8A978592211853A00221CD2 /* AppDelegate.swift */ = {isa = PBXFileReference; lastKnownFileType = sourcecode.swift; path = AppDelegate.swift; sourceTree = "<group>"; };
		D8A9785B2211853A00221CD2 /* ViewController.swift */ = {isa = PBXFileReference; lastKnownFileType = sourcecode.swift; path = ViewController.swift; sourceTree = "<group>"; };
		D8A9785E2211853A00221CD2 /* Base */ = {isa = PBXFileReference; lastKnownFileType = file.storyboard; name = Base; path = Base.lproj/Main.storyboard; sourceTree = "<group>"; };
		D8A978602211853C00221CD2 /* Assets.xcassets */ = {isa = PBXFileReference; lastKnownFileType = folder.assetcatalog; path = Assets.xcassets; sourceTree = "<group>"; };
		D8A978632211853C00221CD2 /* Base */ = {isa = PBXFileReference; lastKnownFileType = file.storyboard; name = Base; path = Base.lproj/LaunchScreen.storyboard; sourceTree = "<group>"; };
		D8A978652211853C00221CD2 /* Info.plist */ = {isa = PBXFileReference; lastKnownFileType = text.plist.xml; path = Info.plist; sourceTree = "<group>"; };
		D8A9786A2211853C00221CD2 /* BullsEyeTests.xctest */ = {isa = PBXFileReference; explicitFileType = wrapper.cfbundle; includeInIndex = 0; path = BullsEyeTests.xctest; sourceTree = BUILT_PRODUCTS_DIR; };
		D8A9786E2211853C00221CD2 /* BullsEyeTests.swift */ = {isa = PBXFileReference; lastKnownFileType = sourcecode.swift; path = BullsEyeTests.swift; sourceTree = "<group>"; };
		D8A978702211853C00221CD2 /* Info.plist */ = {isa = PBXFileReference; lastKnownFileType = text.plist.xml; path = Info.plist; sourceTree = "<group>"; };
		D8A978752211853C00221CD2 /* BullsEyeUITests.xctest */ = {isa = PBXFileReference; explicitFileType = wrapper.cfbundle; includeInIndex = 0; path = BullsEyeUITests.xctest; sourceTree = BUILT_PRODUCTS_DIR; };
		D8A978792211853C00221CD2 /* BullsEyeUITests.swift */ = {isa = PBXFileReference; lastKnownFileType = sourcecode.swift; path = BullsEyeUITests.swift; sourceTree = "<group>"; };
		D8A9787B2211853C00221CD2 /* Info.plist */ = {isa = PBXFileReference; lastKnownFileType = text.plist.xml; path = Info.plist; sourceTree = "<group>"; };
/* End PBXFileReference section */

/* Begin PBXFrameworksBuildPhase section */
		D8A978532211853A00221CD2 /* Frameworks */ = {
			isa = PBXFrameworksBuildPhase;
			buildActionMask = 2147483647;
			files = (
			);
			runOnlyForDeploymentPostprocessing = 0;
		};
		D8A978672211853C00221CD2 /* Frameworks */ = {
			isa = PBXFrameworksBuildPhase;
			buildActionMask = 2147483647;
			files = (
			);
			runOnlyForDeploymentPostprocessing = 0;
		};
		D8A978722211853C00221CD2 /* Frameworks */ = {
			isa = PBXFrameworksBuildPhase;
			buildActionMask = 2147483647;
			files = (
			);
			runOnlyForDeploymentPostprocessing = 0;
		};
/* End PBXFrameworksBuildPhase section */

/* Begin PBXGroup section */
		D8A9784D2211853A00221CD2 = {
			isa = PBXGroup;
			children = (
				D8A978582211853A00221CD2 /* BullsEye */,
				D8A9786D2211853C00221CD2 /* BullsEyeTests */,
				D8A978782211853C00221CD2 /* BullsEyeUITests */,
				D8A978572211853A00221CD2 /* Products */,
			);
			sourceTree = "<group>";
		};
		D8A978572211853A00221CD2 /* Products */ = {
			isa = PBXGroup;
			children = (
				D8A978562211853A00221CD2 /* BullsEye.app */,
				D8A9786A2211853C00221CD2 /* BullsEyeTests.xctest */,
				D8A978752211853C00221CD2 /* BullsEyeUITests.xctest */,
			);
			name = Products;
			sourceTree = "<group>";
		};
		D8A978582211853A00221CD2 /* BullsEye */ = {
			isa = PBXGroup;
			children = (
				D8A978592211853A00221CD2 /* AppDelegate.swift */,
				D868D61222143540005DA23E /* AboutMeViewController.swift */,
				D8A9785B2211853A00221CD2 /* ViewController.swift */,
				D847B1D72213365900E15F40 /* AboutViewController.swift */,
				D8A9785D2211853A00221CD2 /* Main.storyboard */,
				D8A978602211853C00221CD2 /* Assets.xcassets */,
				D8A978622211853C00221CD2 /* LaunchScreen.storyboard */,
				D8A978652211853C00221CD2 /* Info.plist */,
			);
			path = BullsEye;
			sourceTree = "<group>";
		};
		D8A9786D2211853C00221CD2 /* BullsEyeTests */ = {
			isa = PBXGroup;
			children = (
				D8A9786E2211853C00221CD2 /* BullsEyeTests.swift */,
				D8A978702211853C00221CD2 /* Info.plist */,
			);
			path = BullsEyeTests;
			sourceTree = "<group>";
		};
		D8A978782211853C00221CD2 /* BullsEyeUITests */ = {
			isa = PBXGroup;
			children = (
				D8A978792211853C00221CD2 /* BullsEyeUITests.swift */,
				D8A9787B2211853C00221CD2 /* Info.plist */,
			);
			path = BullsEyeUITests;
			sourceTree = "<group>";
		};
/* End PBXGroup section */

/* Begin PBXNativeTarget section */
		D8A978552211853A00221CD2 /* BullsEye */ = {
			isa = PBXNativeTarget;
			buildConfigurationList = D8A9787E2211853C00221CD2 /* Build configuration list for PBXNativeTarget "BullsEye" */;
			buildPhases = (
				D8A978522211853A00221CD2 /* Sources */,
				D8A978532211853A00221CD2 /* Frameworks */,
				D8A978542211853A00221CD2 /* Resources */,
			);
			buildRules = (
			);
			dependencies = (
			);
			name = BullsEye;
			productName = BullsEye;
			productReference = D8A978562211853A00221CD2 /* BullsEye.app */;
			productType = "com.apple.product-type.application";
		};
		D8A978692211853C00221CD2 /* BullsEyeTests */ = {
			isa = PBXNativeTarget;
			buildConfigurationList = D8A978812211853C00221CD2 /* Build configuration list for PBXNativeTarget "BullsEyeTests" */;
			buildPhases = (
				D8A978662211853C00221CD2 /* Sources */,
				D8A978672211853C00221CD2 /* Frameworks */,
				D8A978682211853C00221CD2 /* Resources */,
			);
			buildRules = (
			);
			dependencies = (
				D8A9786C2211853C00221CD2 /* PBXTargetDependency */,
			);
			name = BullsEyeTests;
			productName = BullsEyeTests;
			productReference = D8A9786A2211853C00221CD2 /* BullsEyeTests.xctest */;
			productType = "com.apple.product-type.bundle.unit-test";
		};
		D8A978742211853C00221CD2 /* BullsEyeUITests */ = {
			isa = PBXNativeTarget;
			buildConfigurationList = D8A978842211853C00221CD2 /* Build configuration list for PBXNativeTarget "BullsEyeUITests" */;
			buildPhases = (
				D8A978712211853C00221CD2 /* Sources */,
				D8A978722211853C00221CD2 /* Frameworks */,
				D8A978732211853C00221CD2 /* Resources */,
			);
			buildRules = (
			);
			dependencies = (
				D8A978772211853C00221CD2 /* PBXTargetDependency */,
			);
			name = BullsEyeUITests;
			productName = BullsEyeUITests;
			productReference = D8A978752211853C00221CD2 /* BullsEyeUITests.xctest */;
			productType = "com.apple.product-type.bundle.ui-testing";
		};
/* End PBXNativeTarget section */

/* Begin PBXProject section */
		D8A9784E2211853A00221CD2 /* Project object */ = {
			isa = PBXProject;
			attributes = {
				LastSwiftUpdateCheck = 1010;
				LastUpgradeCheck = 1010;
				ORGANIZATIONNAME = "Tayyeb Hussain";
				TargetAttributes = {
					D8A978552211853A00221CD2 = {
						CreatedOnToolsVersion = 10.1;
					};
					D8A978692211853C00221CD2 = {
						CreatedOnToolsVersion = 10.1;
						TestTargetID = D8A978552211853A00221CD2;
					};
					D8A978742211853C00221CD2 = {
						CreatedOnToolsVersion = 10.1;
						TestTargetID = D8A978552211853A00221CD2;
					};
				};
			};
			buildConfigurationList = D8A978512211853A00221CD2 /* Build configuration list for PBXProject "BullsEye" */;
			compatibilityVersion = "Xcode 9.3";
			developmentRegion = en;
			hasScannedForEncodings = 0;
			knownRegions = (
				en,
				Base,
			);
			mainGroup = D8A9784D2211853A00221CD2;
			productRefGroup = D8A978572211853A00221CD2 /* Products */;
			projectDirPath = "";
			projectRoot = "";
			targets = (
				D8A978552211853A00221CD2 /* BullsEye */,
				D8A978692211853C00221CD2 /* BullsEyeTests */,
				D8A978742211853C00221CD2 /* BullsEyeUITests */,
			);
		};
/* End PBXProject section */

/* Begin PBXResourcesBuildPhase section */
		D8A978542211853A00221CD2 /* Resources */ = {
			isa = PBXResourcesBuildPhase;
			buildActionMask = 2147483647;
			files = (
				D8A978642211853C00221CD2 /* LaunchScreen.storyboard in Resources */,
				D8A978612211853C00221CD2 /* Assets.xcassets in Resources */,
				D8A9785F2211853A00221CD2 /* Main.storyboard in Resources */,
			);
			runOnlyForDeploymentPostprocessing = 0;
		};
		D8A978682211853C00221CD2 /* Resources */ = {
			isa = PBXResourcesBuildPhase;
			buildActionMask = 2147483647;
			files = (
			);
			runOnlyForDeploymentPostprocessing = 0;
		};
		D8A978732211853C00221CD2 /* Resources */ = {
			isa = PBXResourcesBuildPhase;
			buildActionMask = 2147483647;
			files = (
			);
			runOnlyForDeploymentPostprocessing = 0;
		};
/* End PBXResourcesBuildPhase section */

/* Begin PBXSourcesBuildPhase section */
		D8A978522211853A00221CD2 /* Sources */ = {
			isa = PBXSourcesBuildPhase;
			buildActionMask = 2147483647;
			files = (
				D847B1D82213365900E15F40 /* AboutViewController.swift in Sources */,
				D8A9785C2211853A00221CD2 /* ViewController.swift in Sources */,
				D868D61322143540005DA23E /* AboutMeViewController.swift in Sources */,
				D8A9785A2211853A00221CD2 /* AppDelegate.swift in Sources */,
			);
			runOnlyForDeploymentPostprocessing = 0;
		};
		D8A978662211853C00221CD2 /* Sources */ = {
			isa = PBXSourcesBuildPhase;
			buildActionMask = 2147483647;
			files = (
				D8A9786F2211853C00221CD2 /* BullsEyeTests.swift in Sources */,
			);
			runOnlyForDeploymentPostprocessing = 0;
		};
		D8A978712211853C00221CD2 /* Sources */ = {
			isa = PBXSourcesBuildPhase;
			buildActionMask = 2147483647;
			files = (
				D8A9787A2211853C00221CD2 /* BullsEyeUITests.swift in Sources */,
			);
			runOnlyForDeploymentPostprocessing = 0;
		};
/* End PBXSourcesBuildPhase section */

/* Begin PBXTargetDependency section */
		D8A9786C2211853C00221CD2 /* PBXTargetDependency */ = {
			isa = PBXTargetDependency;
			target = D8A978552211853A00221CD2 /* BullsEye */;
			targetProxy = D8A9786B2211853C00221CD2 /* PBXContainerItemProxy */;
		};
		D8A978772211853C00221CD2 /* PBXTargetDependency */ = {
			isa = PBXTargetDependency;
			target = D8A978552211853A00221CD2 /* BullsEye */;
			targetProxy = D8A978762211853C00221CD2 /* PBXContainerItemProxy */;
		};
/* End PBXTargetDependency section */

/* Begin PBXVariantGroup section */
		D8A9785D2211853A00221CD2 /* Main.storyboard */ = {
			isa = PBXVariantGroup;
			children = (
				D8A9785E2211853A00221CD2 /* Base */,
			);
			name = Main.storyboard;
			sourceTree = "<group>";
		};
		D8A978622211853C00221CD2 /* LaunchScreen.storyboard */ = {
			isa = PBXVariantGroup;
			children = (
				D8A978632211853C00221CD2 /* Base */,
			);
			name = LaunchScreen.storyboard;
			sourceTree = "<group>";
		};
/* End PBXVariantGroup section */

/* Begin XCBuildConfiguration section */
		D8A9787C2211853C00221CD2 /* Debug */ = {
			isa = XCBuildConfiguration;
			buildSettings = {
				ALWAYS_SEARCH_USER_PATHS = NO;
				CLANG_ANALYZER_NONNULL = YES;
				CLANG_ANALYZER_NUMBER_OBJECT_CONVERSION = YES_AGGRESSIVE;
				CLANG_CXX_LANGUAGE_STANDARD = "gnu++14";
				CLANG_CXX_LIBRARY = "libc++";
				CLANG_ENABLE_MODULES = YES;
				CLANG_ENABLE_OBJC_ARC = YES;
				CLANG_ENABLE_OBJC_WEAK = YES;
				CLANG_WARN_BLOCK_CAPTURE_AUTORELEASING = YES;
				CLANG_WARN_BOOL_CONVERSION = YES;
				CLANG_WARN_COMMA = YES;
				CLANG_WARN_CONSTANT_CONVERSION = YES;
				CLANG_WARN_DEPRECATED_OBJC_IMPLEMENTATIONS = YES;
				CLANG_WARN_DIRECT_OBJC_ISA_USAGE = YES_ERROR;
				CLANG_WARN_DOCUMENTATION_COMMENTS = YES;
				CLANG_WARN_EMPTY_BODY = YES;
				CLANG_WARN_ENUM_CONVERSION = YES;
				CLANG_WARN_INFINITE_RECURSION = YES;
				CLANG_WARN_INT_CONVERSION = YES;
				CLANG_WARN_NON_LITERAL_NULL_CONVERSION = YES;
				CLANG_WARN_OBJC_IMPLICIT_RETAIN_SELF = YES;
				CLANG_WARN_OBJC_LITERAL_CONVERSION = YES;
				CLANG_WARN_OBJC_ROOT_CLASS = YES_ERROR;
				CLANG_WARN_RANGE_LOOP_ANALYSIS = YES;
				CLANG_WARN_STRICT_PROTOTYPES = YES;
				CLANG_WARN_SUSPICIOUS_MOVE = YES;
				CLANG_WARN_UNGUARDED_AVAILABILITY = YES_AGGRESSIVE;
				CLANG_WARN_UNREACHABLE_CODE = YES;
				CLANG_WARN__DUPLICATE_METHOD_MATCH = YES;
				CODE_SIGN_IDENTITY = "iPhone Developer";
				COPY_PHASE_STRIP = NO;
				DEBUG_INFORMATION_FORMAT = dwarf;
				ENABLE_STRICT_OBJC_MSGSEND = YES;
				ENABLE_TESTABILITY = YES;
				GCC_C_LANGUAGE_STANDARD = gnu11;
				GCC_DYNAMIC_NO_PIC = NO;
				GCC_NO_COMMON_BLOCKS = YES;
				GCC_OPTIMIZATION_LEVEL = 0;
				GCC_PREPROCESSOR_DEFINITIONS = (
					"DEBUG=1",
					"$(inherited)",
				);
				GCC_WARN_64_TO_32_BIT_CONVERSION = YES;
				GCC_WARN_ABOUT_RETURN_TYPE = YES_ERROR;
				GCC_WARN_UNDECLARED_SELECTOR = YES;
				GCC_WARN_UNINITIALIZED_AUTOS = YES_AGGRESSIVE;
				GCC_WARN_UNUSED_FUNCTION = YES;
				GCC_WARN_UNUSED_VARIABLE = YES;
				IPHONEOS_DEPLOYMENT_TARGET = 12.1;
				MTL_ENABLE_DEBUG_INFO = INCLUDE_SOURCE;
				MTL_FAST_MATH = YES;
				ONLY_ACTIVE_ARCH = YES;
				SDKROOT = iphoneos;
				SWIFT_ACTIVE_COMPILATION_CONDITIONS = DEBUG;
				SWIFT_OPTIMIZATION_LEVEL = "-Onone";
			};
			name = Debug;
		};
		D8A9787D2211853C00221CD2 /* Release */ = {
			isa = XCBuildConfiguration;
			buildSettings = {
				ALWAYS_SEARCH_USER_PATHS = NO;
				CLANG_ANALYZER_NONNULL = YES;
				CLANG_ANALYZER_NUMBER_OBJECT_CONVERSION = YES_AGGRESSIVE;
				CLANG_CXX_LANGUAGE_STANDARD = "gnu++14";
				CLANG_CXX_LIBRARY = "libc++";
				CLANG_ENABLE_MODULES = YES;
				CLANG_ENABLE_OBJC_ARC = YES;
				CLANG_ENABLE_OBJC_WEAK = YES;
				CLANG_WARN_BLOCK_CAPTURE_AUTORELEASING = YES;
				CLANG_WARN_BOOL_CONVERSION = YES;
				CLANG_WARN_COMMA = YES;
				CLANG_WARN_CONSTANT_CONVERSION = YES;
				CLANG_WARN_DEPRECATED_OBJC_IMPLEMENTATIONS = YES;
				CLANG_WARN_DIRECT_OBJC_ISA_USAGE = YES_ERROR;
				CLANG_WARN_DOCUMENTATION_COMMENTS = YES;
				CLANG_WARN_EMPTY_BODY = YES;
				CLANG_WARN_ENUM_CONVERSION = YES;
				CLANG_WARN_INFINITE_RECURSION = YES;
				CLANG_WARN_INT_CONVERSION = YES;
				CLANG_WARN_NON_LITERAL_NULL_CONVERSION = YES;
				CLANG_WARN_OBJC_IMPLICIT_RETAIN_SELF = YES;
				CLANG_WARN_OBJC_LITERAL_CONVERSION = YES;
				CLANG_WARN_OBJC_ROOT_CLASS = YES_ERROR;
				CLANG_WARN_RANGE_LOOP_ANALYSIS = YES;
				CLANG_WARN_STRICT_PROTOTYPES = YES;
				CLANG_WARN_SUSPICIOUS_MOVE = YES;
				CLANG_WARN_UNGUARDED_AVAILABILITY = YES_AGGRESSIVE;
				CLANG_WARN_UNREACHABLE_CODE = YES;
				CLANG_WARN__DUPLICATE_METHOD_MATCH = YES;
				CODE_SIGN_IDENTITY = "iPhone Developer";
				COPY_PHASE_STRIP = NO;
				DEBUG_INFORMATION_FORMAT = "dwarf-with-dsym";
				ENABLE_NS_ASSERTIONS = NO;
				ENABLE_STRICT_OBJC_MSGSEND = YES;
				GCC_C_LANGUAGE_STANDARD = gnu11;
				GCC_NO_COMMON_BLOCKS = YES;
				GCC_WARN_64_TO_32_BIT_CONVERSION = YES;
				GCC_WARN_ABOUT_RETURN_TYPE = YES_ERROR;
				GCC_WARN_UNDECLARED_SELECTOR = YES;
				GCC_WARN_UNINITIALIZED_AUTOS = YES_AGGRESSIVE;
				GCC_WARN_UNUSED_FUNCTION = YES;
				GCC_WARN_UNUSED_VARIABLE = YES;
				IPHONEOS_DEPLOYMENT_TARGET = 12.1;
				MTL_ENABLE_DEBUG_INFO = NO;
				MTL_FAST_MATH = YES;
				SDKROOT = iphoneos;
				SWIFT_COMPILATION_MODE = wholemodule;
				SWIFT_OPTIMIZATION_LEVEL = "-O";
				VALIDATE_PRODUCT = YES;
			};
			name = Release;
		};
		D8A9787F2211853C00221CD2 /* Debug */ = {
			isa = XCBuildConfiguration;
			buildSettings = {
				ASSETCATALOG_COMPILER_APPICON_NAME = AppIcon;
				CODE_SIGN_STYLE = Automatic;
				DEVELOPMENT_TEAM = "";
				INFOPLIST_FILE = BullsEye/Info.plist;
				LD_RUNPATH_SEARCH_PATHS = (
					"$(inherited)",
					"@executable_path/Frameworks",
				);
				PRODUCT_BUNDLE_IDENTIFIER = app.BullsEye;
				PRODUCT_NAME = "$(TARGET_NAME)";
				SWIFT_VERSION = 4.2;
				TARGETED_DEVICE_FAMILY = "1,2";
			};
			name = Debug;
		};
		D8A978802211853C00221CD2 /* Release */ = {
			isa = XCBuildConfiguration;
			buildSettings = {
				ASSETCATALOG_COMPILER_APPICON_NAME = AppIcon;
				CODE_SIGN_STYLE = Automatic;
				DEVELOPMENT_TEAM = "";
				INFOPLIST_FILE = BullsEye/Info.plist;
				LD_RUNPATH_SEARCH_PATHS = (
					"$(inherited)",
					"@executable_path/Frameworks",
				);
				PRODUCT_BUNDLE_IDENTIFIER = app.BullsEye;
				PRODUCT_NAME = "$(TARGET_NAME)";
				SWIFT_VERSION = 4.2;
				TARGETED_DEVICE_FAMILY = "1,2";
			};
			name = Release;
		};
		D8A978822211853C00221CD2 /* Debug */ = {
			isa = XCBuildConfiguration;
			buildSettings = {
				ALWAYS_EMBED_SWIFT_STANDARD_LIBRARIES = YES;
				BUNDLE_LOADER = "$(TEST_HOST)";
				CODE_SIGN_STYLE = Automatic;
				DEVELOPMENT_TEAM = R2X8C2UGNP;
				INFOPLIST_FILE = BullsEyeTests/Info.plist;
				LD_RUNPATH_SEARCH_PATHS = (
					"$(inherited)",
					"@executable_path/Frameworks",
					"@loader_path/Frameworks",
				);
				PRODUCT_BUNDLE_IDENTIFIER = app.BullsEyeTests;
				PRODUCT_NAME = "$(TARGET_NAME)";
				SWIFT_VERSION = 4.2;
				TARGETED_DEVICE_FAMILY = "1,2";
				TEST_HOST = "$(BUILT_PRODUCTS_DIR)/BullsEye.app/BullsEye";
			};
			name = Debug;
		};
		D8A978832211853C00221CD2 /* Release */ = {
			isa = XCBuildConfiguration;
			buildSettings = {
				ALWAYS_EMBED_SWIFT_STANDARD_LIBRARIES = YES;
				BUNDLE_LOADER = "$(TEST_HOST)";
				CODE_SIGN_STYLE = Automatic;
				DEVELOPMENT_TEAM = R2X8C2UGNP;
				INFOPLIST_FILE = BullsEyeTests/Info.plist;
				LD_RUNPATH_SEARCH_PATHS = (
					"$(inherited)",
					"@executable_path/Frameworks",
					"@loader_path/Frameworks",
				);
				PRODUCT_BUNDLE_IDENTIFIER = app.BullsEyeTests;
				PRODUCT_NAME = "$(TARGET_NAME)";
				SWIFT_VERSION = 4.2;
				TARGETED_DEVICE_FAMILY = "1,2";
				TEST_HOST = "$(BUILT_PRODUCTS_DIR)/BullsEye.app/BullsEye";
			};
			name = Release;
		};
		D8A978852211853C00221CD2 /* Debug */ = {
			isa = XCBuildConfiguration;
			buildSettings = {
				ALWAYS_EMBED_SWIFT_STANDARD_LIBRARIES = YES;
				CODE_SIGN_STYLE = Automatic;
				INFOPLIST_FILE = BullsEyeUITests/Info.plist;
				LD_RUNPATH_SEARCH_PATHS = (
					"$(inherited)",
					"@executable_path/Frameworks",
					"@loader_path/Frameworks",
				);
				PRODUCT_BUNDLE_IDENTIFIER = app.BullsEyeUITests;
				PRODUCT_NAME = "$(TARGET_NAME)";
				SWIFT_VERSION = 4.2;
				TARGETED_DEVICE_FAMILY = "1,2";
				TEST_TARGET_NAME = BullsEye;
			};
			name = Debug;
		};
		D8A978862211853C00221CD2 /* Release */ = {
			isa = XCBuildConfiguration;
			buildSettings = {
				ALWAYS_EMBED_SWIFT_STANDARD_LIBRARIES = YES;
				CODE_SIGN_STYLE = Automatic;
				INFOPLIST_FILE = BullsEyeUITests/Info.plist;
				LD_RUNPATH_SEARCH_PATHS = (
					"$(inherited)",
					"@executable_path/Frameworks",
					"@loader_path/Frameworks",
				);
				PRODUCT_BUNDLE_IDENTIFIER = app.BullsEyeUITests;
				PRODUCT_NAME = "$(TARGET_NAME)";
				SWIFT_VERSION = 4.2;
				TARGETED_DEVICE_FAMILY = "1,2";
				TEST_TARGET_NAME = BullsEye;
			};
			name = Release;
		};
/* End XCBuildConfiguration section */

/* Begin XCConfigurationList section */
		D8A978512211853A00221CD2 /* Build configuration list for PBXProject "BullsEye" */ = {
			isa = XCConfigurationList;
			buildConfigurations = (
				D8A9787C2211853C00221CD2 /* Debug */,
				D8A9787D2211853C00221CD2 /* Release */,
			);
			defaultConfigurationIsVisible = 0;
			defaultConfigurationName = Release;
		};
		D8A9787E2211853C00221CD2 /* Build configuration list for PBXNativeTarget "BullsEye" */ = {
			isa = XCConfigurationList;
			buildConfigurations = (
				D8A9787F2211853C00221CD2 /* Debug */,
				D8A978802211853C00221CD2 /* Release */,
			);
			defaultConfigurationIsVisible = 0;
			defaultConfigurationName = Release;
		};
		D8A978812211853C00221CD2 /* Build configuration list for PBXNativeTarget "BullsEyeTests" */ = {
			isa = XCConfigurationList;
			buildConfigurations = (
				D8A978822211853C00221CD2 /* Debug */,
				D8A978832211853C00221CD2 /* Release */,
			);
			defaultConfigurationIsVisible = 0;
			defaultConfigurationName = Release;
		};
		D8A978842211853C00221CD2 /* Build configuration list for PBXNativeTarget "BullsEyeUITests" */ = {
			isa = XCConfigurationList;
			buildConfigurations = (
				D8A978852211853C00221CD2 /* Debug */,
				D8A978862211853C00221CD2 /* Release */,
			);
			defaultConfigurationIsVisible = 0;
			defaultConfigurationName = Release;
		};
/* End XCConfigurationList section */
	};
	rootObject = D8A9784E2211853A00221CD2 /* Project object */;
}
